
Microsoft Visual Studio Solution File, Format Version 12.00
# Visual Studio Version 17
VisualStudioVersion = 17.11.35219.272
MinimumVisualStudioVersion = 10.0.40219.1
Project("{FAE04EC0-301F-11D3-BF4B-00C04F79EFBC}") = "DiasSemanaArreglos", "DiasSemanaArreglos\DiasSemanaArreglos.csproj", "{0198956F-B278-447A-AD3D-6E3BC89C439D}"
EndProject
Global
	GlobalSection(SolutionConfigurationPlatforms) = preSolution
		Debug|Any CPU = Debug|Any CPU
		Release|Any CPU = Release|Any CPU
	EndGlobalSection
	GlobalSection(ProjectConfigurationPlatforms) = postSolution
		{0198956F-B278-447A-AD3D-6E3BC89C439D}.Debug|Any CPU.ActiveCfg = Debug|Any CPU
		{0198956F-B278-447A-AD3D-6E3BC89C439D}.Debug|Any CPU.Build.0 = Debug|Any CPU
		{0198956F-B278-447A-AD3D-6E3BC89C439D}.Release|Any CPU.ActiveCfg = Release|Any CPU
		{0198956F-B278-447A-AD3D-6E3BC89C439D}.Release|Any CPU.Build.0 = Release|Any CPU
	EndGlobalSection
	GlobalSection(SolutionProperties) = preSolution
		HideSolutionNode = FALSE
	EndGlobalSection
	GlobalSection(ExtensibilityGlobals) = postSolution
		SolutionGuid = {8CE26168-FA59-494B-AE79-963BE9F774D7}
	EndGlobalSection
EndGlobal
